PODS:
  - CedarMaps (3.3.0):
    - Mantle (~> 2.1)
    - Mapbox-iOS-SDK (~> 5.0)
  - Mantle (2.1.0):
    - Mantle/extobjc (= 2.1.0)
  - Mantle/extobjc (2.1.0)
  - Mapbox-iOS-SDK (5.4.0)

DEPENDENCIES:
  - CedarMaps (from `../`)

SPEC REPOS:
  trunk:
    - Mantle
    - Mapbox-iOS-SDK

EXTERNAL SOURCES:
  CedarMaps:
    :path: "../"

SPEC CHECKSUMS:
  CedarMaps: 92a00ad88be37c3a27fa9ea792a60ba8e296e428
  Mantle: 2fa750afa478cd625a94230fbf1c13462f29395b
  Mapbox-iOS-SDK: 2b58f752d94e57e95b8e54f3b52569199f6efdba

PODFILE CHECKSUM: 22c792ae72b57ef3c767a871470d27771eecbe12

COCOAPODS: 1.8.3
