PODS:
  - CedarMaps (3.2.0):
    - Mantle (~> 2.1)
    - Mapbox-iOS-SDK (~> 5.0)
  - Mantle (2.1.0):
    - Mantle/extobjc (= 2.1.0)
  - Mantle/extobjc (2.1.0)
  - Mapbox-iOS-SDK (5.1.0)

DEPENDENCIES:
  - CedarMaps (from `../`)

SPEC REPOS:
  https://github.com/cocoapods/specs.git:
    - Mantle
    - Mapbox-iOS-SDK

EXTERNAL SOURCES:
  CedarMaps:
    :path: "../"

SPEC CHECKSUMS:
  CedarMaps: 2f95d1d6eb69059a982c2a3802f9e1e8834800b0
  Mantle: 2fa750afa478cd625a94230fbf1c13462f29395b
  Mapbox-iOS-SDK: 4106f0f6808a0362233a703fb22369b3af3e9b8c

PODFILE CHECKSUM: 22c792ae72b57ef3c767a871470d27771eecbe12

COCOAPODS: 1.7.2
